
Microsoft Visual Studio Solution File, Format Version 11.00
# Visual Studio 2010
Project("{FAE04EC0-301F-11D3-BF4B-00C04F79EFBC}") = "Gadgetab", "Gadgetab\Gadgetab.csproj", "{2814B215-B60A-4F7B-B71D-8EA1F1640F10}"
EndProject
Project("{FAE04EC0-301F-11D3-BF4B-00C04F79EFBC}") = "ZombieCannonRemote", "ZombieCannonRemote\ZombieCannonRemote.csproj", "{81D5ADF1-78CD-43ED-9E65-283248A44142}"
EndProject
Project("{FAE04EC0-301F-11D3-BF4B-00C04F79EFBC}") = "ZombieTwit", "ZombieTwit\ZombieTwit.csproj", "{59E66123-2E21-48E7-8E2C-DA318F2F9AD0}"
EndProject
Project("{FAE04EC0-301F-11D3-BF4B-00C04F79EFBC}") = "ZombieHealthMonitor", "ZombieHealthMonitor\ZombieHealthMonitor.csproj", "{9D428025-07F5-431E-9CD8-7FAE76FB9364}"
EndProject
Project("{FAE04EC0-301F-11D3-BF4B-00C04F79EFBC}") = "ZombieDistractor", "ZombieDistractor\ZombieDistractor.csproj", "{51CE4BC1-0E68-4F05-A286-A04ED811354F}"
EndProject
Project("{FAE04EC0-301F-11D3-BF4B-00C04F79EFBC}") = "dotnetwarrior.NetMF", "..\Gadgeteer\TinkrPacMan\dotnetwarrior.NetMF\dotnetwarrior.NetMF.csproj", "{6B0E1A65-A063-4727-AAE2-A4B91A93FFA0}"
EndProject
Project("{FAE04EC0-301F-11D3-BF4B-00C04F79EFBC}") = "dotnetwarrior.NetMF.Game", "..\Gadgeteer\TinkrPacMan\dotnetwarrior.NetMF.Game\dotnetwarrior.NetMF.Game.csproj", "{936EE92D-5A1F-4F2B-B867-D7E5EEE223B1}"
EndProject
Global
	GlobalSection(SolutionConfigurationPlatforms) = preSolution
		Debug|Any CPU = Debug|Any CPU
		Release|Any CPU = Release|Any CPU
	EndGlobalSection
	GlobalSection(ProjectConfigurationPlatforms) = postSolution
		{2814B215-B60A-4F7B-B71D-8EA1F1640F10}.Debug|Any CPU.ActiveCfg = Debug|Any CPU
		{2814B215-B60A-4F7B-B71D-8EA1F1640F10}.Debug|Any CPU.Build.0 = Debug|Any CPU
		{2814B215-B60A-4F7B-B71D-8EA1F1640F10}.Debug|Any CPU.Deploy.0 = Debug|Any CPU
		{2814B215-B60A-4F7B-B71D-8EA1F1640F10}.Release|Any CPU.ActiveCfg = Release|Any CPU
		{2814B215-B60A-4F7B-B71D-8EA1F1640F10}.Release|Any CPU.Build.0 = Release|Any CPU
		{2814B215-B60A-4F7B-B71D-8EA1F1640F10}.Release|Any CPU.Deploy.0 = Release|Any CPU
		{81D5ADF1-78CD-43ED-9E65-283248A44142}.Debug|Any CPU.ActiveCfg = Debug|Any CPU
		{81D5ADF1-78CD-43ED-9E65-283248A44142}.Debug|Any CPU.Build.0 = Debug|Any CPU
		{81D5ADF1-78CD-43ED-9E65-283248A44142}.Release|Any CPU.ActiveCfg = Release|Any CPU
		{81D5ADF1-78CD-43ED-9E65-283248A44142}.Release|Any CPU.Build.0 = Release|Any CPU
		{59E66123-2E21-48E7-8E2C-DA318F2F9AD0}.Debug|Any CPU.ActiveCfg = Debug|Any CPU
		{59E66123-2E21-48E7-8E2C-DA318F2F9AD0}.Debug|Any CPU.Build.0 = Debug|Any CPU
		{59E66123-2E21-48E7-8E2C-DA318F2F9AD0}.Release|Any CPU.ActiveCfg = Release|Any CPU
		{59E66123-2E21-48E7-8E2C-DA318F2F9AD0}.Release|Any CPU.Build.0 = Release|Any CPU
		{9D428025-07F5-431E-9CD8-7FAE76FB9364}.Debug|Any CPU.ActiveCfg = Debug|Any CPU
		{9D428025-07F5-431E-9CD8-7FAE76FB9364}.Debug|Any CPU.Build.0 = Debug|Any CPU
		{9D428025-07F5-431E-9CD8-7FAE76FB9364}.Release|Any CPU.ActiveCfg = Release|Any CPU
		{9D428025-07F5-431E-9CD8-7FAE76FB9364}.Release|Any CPU.Build.0 = Release|Any CPU
		{51CE4BC1-0E68-4F05-A286-A04ED811354F}.Debug|Any CPU.ActiveCfg = Debug|Any CPU
		{51CE4BC1-0E68-4F05-A286-A04ED811354F}.Debug|Any CPU.Build.0 = Debug|Any CPU
		{51CE4BC1-0E68-4F05-A286-A04ED811354F}.Release|Any CPU.ActiveCfg = Release|Any CPU
		{51CE4BC1-0E68-4F05-A286-A04ED811354F}.Release|Any CPU.Build.0 = Release|Any CPU
		{6B0E1A65-A063-4727-AAE2-A4B91A93FFA0}.Debug|Any CPU.ActiveCfg = Debug|Any CPU
		{6B0E1A65-A063-4727-AAE2-A4B91A93FFA0}.Debug|Any CPU.Build.0 = Debug|Any CPU
		{6B0E1A65-A063-4727-AAE2-A4B91A93FFA0}.Release|Any CPU.ActiveCfg = Release|Any CPU
		{6B0E1A65-A063-4727-AAE2-A4B91A93FFA0}.Release|Any CPU.Build.0 = Release|Any CPU
		{936EE92D-5A1F-4F2B-B867-D7E5EEE223B1}.Debug|Any CPU.ActiveCfg = Debug|Any CPU
		{936EE92D-5A1F-4F2B-B867-D7E5EEE223B1}.Debug|Any CPU.Build.0 = Debug|Any CPU
		{936EE92D-5A1F-4F2B-B867-D7E5EEE223B1}.Release|Any CPU.ActiveCfg = Release|Any CPU
		{936EE92D-5A1F-4F2B-B867-D7E5EEE223B1}.Release|Any CPU.Build.0 = Release|Any CPU
	EndGlobalSection
	GlobalSection(SolutionProperties) = preSolution
		HideSolutionNode = FALSE
	EndGlobalSection
EndGlobal
